
Microsoft Visual Studio Solution File, Format Version 12.00
# Visual Studio Version 16
VisualStudioVersion = 16.0.31729.503
MinimumVisualStudioVersion = 10.0.40219.1
Project("{FAE04EC0-301F-11D3-BF4B-00C04F79EFBC}") = "XF_Mid2_Lab1.UWP", "XF_Mid2_Lab1\XF_Mid2_Lab1.UWP\XF_Mid2_Lab1.UWP.csproj", "{5B2549E4-CACC-430D-B765-4C03C3F9BCA8}"
EndProject
Project("{FAE04EC0-301F-11D3-BF4B-00C04F79EFBC}") = "XF_Mid2_Lab1.Android", "XF_Mid2_Lab1\XF_Mid2_Lab1.Android\XF_Mid2_Lab1.Android.csproj", "{D0CB1017-1550-4E4F-BA8D-F43C535CBD1A}"
EndProject
Project("{FAE04EC0-301F-11D3-BF4B-00C04F79EFBC}") = "XF_Mid2_Lab1", "XF_Mid2_Lab1\XF_Mid2_Lab1\XF_Mid2_Lab1.csproj", "{79ADA0B0-28FA-4196-97D0-7139DB371168}"
EndProject
Global
	GlobalSection(SolutionConfigurationPlatforms) = preSolution
		Debug|Any CPU = Debug|Any CPU
		Debug|ARM = Debug|ARM
		Debug|x64 = Debug|x64
		Debug|x86 = Debug|x86
		Release|Any CPU = Release|Any CPU
		Release|ARM = Release|ARM
		Release|x64 = Release|x64
		Release|x86 = Release|x86
	EndGlobalSection
	GlobalSection(ProjectConfigurationPlatforms) = postSolution
		{5B2549E4-CACC-430D-B765-4C03C3F9BCA8}.Debug|Any CPU.ActiveCfg = Debug|x86
		{5B2549E4-CACC-430D-B765-4C03C3F9BCA8}.Debug|Any CPU.Build.0 = Debug|x86
		{5B2549E4-CACC-430D-B765-4C03C3F9BCA8}.Debug|Any CPU.Deploy.0 = Debug|x86
		{5B2549E4-CACC-430D-B765-4C03C3F9BCA8}.Debug|ARM.ActiveCfg = Debug|ARM
		{5B2549E4-CACC-430D-B765-4C03C3F9BCA8}.Debug|ARM.Build.0 = Debug|ARM
		{5B2549E4-CACC-430D-B765-4C03C3F9BCA8}.Debug|ARM.Deploy.0 = Debug|ARM
		{5B2549E4-CACC-430D-B765-4C03C3F9BCA8}.Debug|x64.ActiveCfg = Debug|x64
		{5B2549E4-CACC-430D-B765-4C03C3F9BCA8}.Debug|x64.Build.0 = Debug|x64
		{5B2549E4-CACC-430D-B765-4C03C3F9BCA8}.Debug|x64.Deploy.0 = Debug|x64
		{5B2549E4-CACC-430D-B765-4C03C3F9BCA8}.Debug|x86.ActiveCfg = Debug|x86
		{5B2549E4-CACC-430D-B765-4C03C3F9BCA8}.Debug|x86.Build.0 = Debug|x86
		{5B2549E4-CACC-430D-B765-4C03C3F9BCA8}.Debug|x86.Deploy.0 = Debug|x86
		{5B2549E4-CACC-430D-B765-4C03C3F9BCA8}.Release|Any CPU.ActiveCfg = Release|x86
		{5B2549E4-CACC-430D-B765-4C03C3F9BCA8}.Release|Any CPU.Build.0 = Release|x86
		{5B2549E4-CACC-430D-B765-4C03C3F9BCA8}.Release|Any CPU.Deploy.0 = Release|x86
		{5B2549E4-CACC-430D-B765-4C03C3F9BCA8}.Release|ARM.ActiveCfg = Release|ARM
		{5B2549E4-CACC-430D-B765-4C03C3F9BCA8}.Release|ARM.Build.0 = Release|ARM
		{5B2549E4-CACC-430D-B765-4C03C3F9BCA8}.Release|ARM.Deploy.0 = Release|ARM
		{5B2549E4-CACC-430D-B765-4C03C3F9BCA8}.Release|x64.ActiveCfg = Release|x64
		{5B2549E4-CACC-430D-B765-4C03C3F9BCA8}.Release|x64.Build.0 = Release|x64
		{5B2549E4-CACC-430D-B765-4C03C3F9BCA8}.Release|x64.Deploy.0 = Release|x64
		{5B2549E4-CACC-430D-B765-4C03C3F9BCA8}.Release|x86.ActiveCfg = Release|x86
		{5B2549E4-CACC-430D-B765-4C03C3F9BCA8}.Release|x86.Build.0 = Release|x86
		{5B2549E4-CACC-430D-B765-4C03C3F9BCA8}.Release|x86.Deploy.0 = Release|x86
		{D0CB1017-1550-4E4F-BA8D-F43C535CBD1A}.Debug|Any CPU.ActiveCfg = Debug|Any CPU
		{D0CB1017-1550-4E4F-BA8D-F43C535CBD1A}.Debug|Any CPU.Build.0 = Debug|Any CPU
		{D0CB1017-1550-4E4F-BA8D-F43C535CBD1A}.Debug|Any CPU.Deploy.0 = Debug|Any CPU
		{D0CB1017-1550-4E4F-BA8D-F43C535CBD1A}.Debug|ARM.ActiveCfg = Debug|Any CPU
		{D0CB1017-1550-4E4F-BA8D-F43C535CBD1A}.Debug|ARM.Build.0 = Debug|Any CPU
		{D0CB1017-1550-4E4F-BA8D-F43C535CBD1A}.Debug|ARM.Deploy.0 = Debug|Any CPU
		{D0CB1017-1550-4E4F-BA8D-F43C535CBD1A}.Debug|x64.ActiveCfg = Debug|Any CPU
		{D0CB1017-1550-4E4F-BA8D-F43C535CBD1A}.Debug|x64.Build.0 = Debug|Any CPU
		{D0CB1017-1550-4E4F-BA8D-F43C535CBD1A}.Debug|x64.Deploy.0 = Debug|Any CPU
		{D0CB1017-1550-4E4F-BA8D-F43C535CBD1A}.Debug|x86.ActiveCfg = Debug|Any CPU
		{D0CB1017-1550-4E4F-BA8D-F43C535CBD1A}.Debug|x86.Build.0 = Debug|Any CPU
		{D0CB1017-1550-4E4F-BA8D-F43C535CBD1A}.Debug|x86.Deploy.0 = Debug|Any CPU
		{D0CB1017-1550-4E4F-BA8D-F43C535CBD1A}.Release|Any CPU.ActiveCfg = Release|Any CPU
		{D0CB1017-1550-4E4F-BA8D-F43C535CBD1A}.Release|Any CPU.Build.0 = Release|Any CPU
		{D0CB1017-1550-4E4F-BA8D-F43C535CBD1A}.Release|Any CPU.Deploy.0 = Release|Any CPU
		{D0CB1017-1550-4E4F-BA8D-F43C535CBD1A}.Release|ARM.ActiveCfg = Release|Any CPU
		{D0CB1017-1550-4E4F-BA8D-F43C535CBD1A}.Release|ARM.Build.0 = Release|Any CPU
		{D0CB1017-1550-4E4F-BA8D-F43C535CBD1A}.Release|ARM.Deploy.0 = Release|Any CPU
		{D0CB1017-1550-4E4F-BA8D-F43C535CBD1A}.Release|x64.ActiveCfg = Release|Any CPU
		{D0CB1017-1550-4E4F-BA8D-F43C535CBD1A}.Release|x64.Build.0 = Release|Any CPU
		{D0CB1017-1550-4E4F-BA8D-F43C535CBD1A}.Release|x64.Deploy.0 = Release|Any CPU
		{D0CB1017-1550-4E4F-BA8D-F43C535CBD1A}.Release|x86.ActiveCfg = Release|Any CPU
		{D0CB1017-1550-4E4F-BA8D-F43C535CBD1A}.Release|x86.Build.0 = Release|Any CPU
		{D0CB1017-1550-4E4F-BA8D-F43C535CBD1A}.Release|x86.Deploy.0 = Release|Any CPU
		{79ADA0B0-28FA-4196-97D0-7139DB371168}.Debug|Any CPU.ActiveCfg = Debug|Any CPU
		{79ADA0B0-28FA-4196-97D0-7139DB371168}.Debug|Any CPU.Build.0 = Debug|Any CPU
		{79ADA0B0-28FA-4196-97D0-7139DB371168}.Debug|Any CPU.Deploy.0 = Debug|Any CPU
		{79ADA0B0-28FA-4196-97D0-7139DB371168}.Debug|ARM.ActiveCfg = Debug|Any CPU
		{79ADA0B0-28FA-4196-97D0-7139DB371168}.Debug|ARM.Build.0 = Debug|Any CPU
		{79ADA0B0-28FA-4196-97D0-7139DB371168}.Debug|ARM.Deploy.0 = Debug|Any CPU
		{79ADA0B0-28FA-4196-97D0-7139DB371168}.Debug|x64.ActiveCfg = Debug|Any CPU
		{79ADA0B0-28FA-4196-97D0-7139DB371168}.Debug|x64.Build.0 = Debug|Any CPU
		{79ADA0B0-28FA-4196-97D0-7139DB371168}.Debug|x64.Deploy.0 = Debug|Any CPU
		{79ADA0B0-28FA-4196-97D0-7139DB371168}.Debug|x86.ActiveCfg = Debug|Any CPU
		{79ADA0B0-28FA-4196-97D0-7139DB371168}.Debug|x86.Build.0 = Debug|Any CPU
		{79ADA0B0-28FA-4196-97D0-7139DB371168}.Debug|x86.Deploy.0 = Debug|Any CPU
		{79ADA0B0-28FA-4196-97D0-7139DB371168}.Release|Any CPU.ActiveCfg = Release|Any CPU
		{79ADA0B0-28FA-4196-97D0-7139DB371168}.Release|Any CPU.Build.0 = Release|Any CPU
		{79ADA0B0-28FA-4196-97D0-7139DB371168}.Release|Any CPU.Deploy.0 = Release|Any CPU
		{79ADA0B0-28FA-4196-97D0-7139DB371168}.Release|ARM.ActiveCfg = Release|Any CPU
		{79ADA0B0-28FA-4196-97D0-7139DB371168}.Release|ARM.Build.0 = Release|Any CPU
		{79ADA0B0-28FA-4196-97D0-7139DB371168}.Release|ARM.Deploy.0 = Release|Any CPU
		{79ADA0B0-28FA-4196-97D0-7139DB371168}.Release|x64.ActiveCfg = Release|Any CPU
		{79ADA0B0-28FA-4196-97D0-7139DB371168}.Release|x64.Build.0 = Release|Any CPU
		{79ADA0B0-28FA-4196-97D0-7139DB371168}.Release|x64.Deploy.0 = Release|Any CPU
		{79ADA0B0-28FA-4196-97D0-7139DB371168}.Release|x86.ActiveCfg = Release|Any CPU
		{79ADA0B0-28FA-4196-97D0-7139DB371168}.Release|x86.Build.0 = Release|Any CPU
		{79ADA0B0-28FA-4196-97D0-7139DB371168}.Release|x86.Deploy.0 = Release|Any CPU
	EndGlobalSection
	GlobalSection(SolutionProperties) = preSolution
		HideSolutionNode = FALSE
	EndGlobalSection
	GlobalSection(ExtensibilityGlobals) = postSolution
		SolutionGuid = {A82B3192-5E01-4A57-BDE2-BE20179A617C}
	EndGlobalSection
EndGlobal
